// !$*UTF8*$!
{
	archiveVersion = 1;
	classes = {
	};
	objectVersion = 56;
	objects = {

/* Begin PBXBuildFile section */
		618853E32B9B1D15004BB2D4 /* CoverImageView.swift in Sources */ = {isa = PBXBuildFile; fileRef = 618853E22B9B1D15004BB2D4 /* CoverImageView.swift */; };
		618853E62B9B1E65004BB2D4 /* CoverImageModel.swift in Sources */ = {isa = PBXBuildFile; fileRef = 618853E52B9B1E65004BB2D4 /* CoverImageModel.swift */; };
		618853E92B9B1F5F004BB2D4 /* CodableBundleExtension.swift in Sources */ = {isa = PBXBuildFile; fileRef = 618853E82B9B1F5F004BB2D4 /* CodableBundleExtension.swift */; };
		61AAE2422B97C59400F21F88 /* AfricaApp.swift in Sources */ = {isa = PBXBuildFile; fileRef = 61AAE2412B97C59400F21F88 /* AfricaApp.swift */; };
		61AAE2442B97C59400F21F88 /* ContentView.swift in Sources */ = {isa = PBXBuildFile; fileRef = 61AAE2432B97C59400F21F88 /* ContentView.swift */; };
		61AAE2462B97C59500F21F88 /* Assets.xcassets in Resources */ = {isa = PBXBuildFile; fileRef = 61AAE2452B97C59500F21F88 /* Assets.xcassets */; };
		61AAE2492B97C59500F21F88 /* Preview Assets.xcassets in Resources */ = {isa = PBXBuildFile; fileRef = 61AAE2482B97C59500F21F88 /* Preview Assets.xcassets */; };
		61AAE25A2B97C80300F21F88 /* lion.mp4 in Resources */ = {isa = PBXBuildFile; fileRef = 61AAE2502B97C80300F21F88 /* lion.mp4 */; };
		61AAE25B2B97C80300F21F88 /* zebra.mp4 in Resources */ = {isa = PBXBuildFile; fileRef = 61AAE2512B97C80300F21F88 /* zebra.mp4 */; };
		61AAE25C2B97C80300F21F88 /* giraffe.mp4 in Resources */ = {isa = PBXBuildFile; fileRef = 61AAE2522B97C80300F21F88 /* giraffe.mp4 */; };
		61AAE25D2B97C80300F21F88 /* gorilla.mp4 in Resources */ = {isa = PBXBuildFile; fileRef = 61AAE2532B97C80300F21F88 /* gorilla.mp4 */; };
		61AAE25E2B97C80300F21F88 /* hippo.mp4 in Resources */ = {isa = PBXBuildFile; fileRef = 61AAE2542B97C80300F21F88 /* hippo.mp4 */; };
		61AAE25F2B97C80300F21F88 /* lioness.mp4 in Resources */ = {isa = PBXBuildFile; fileRef = 61AAE2552B97C80300F21F88 /* lioness.mp4 */; };
		61AAE2602B97C80300F21F88 /* elephant.mp4 in Resources */ = {isa = PBXBuildFile; fileRef = 61AAE2562B97C80300F21F88 /* elephant.mp4 */; };
		61AAE2612B97C80300F21F88 /* cheetah.mp4 in Resources */ = {isa = PBXBuildFile; fileRef = 61AAE2572B97C80300F21F88 /* cheetah.mp4 */; };
		61AAE2622B97C80300F21F88 /* ostrich.mp4 in Resources */ = {isa = PBXBuildFile; fileRef = 61AAE2582B97C80300F21F88 /* ostrich.mp4 */; };
		61AAE2632B97C80300F21F88 /* rhino.mp4 in Resources */ = {isa = PBXBuildFile; fileRef = 61AAE2592B97C80300F21F88 /* rhino.mp4 */; };
		61AAE2692B97C85E00F21F88 /* locations.json in Resources */ = {isa = PBXBuildFile; fileRef = 61AAE2652B97C85E00F21F88 /* locations.json */; };
		61AAE26A2B97C85E00F21F88 /* videos.json in Resources */ = {isa = PBXBuildFile; fileRef = 61AAE2662B97C85E00F21F88 /* videos.json */; };
		61AAE26B2B97C85E00F21F88 /* animals.json in Resources */ = {isa = PBXBuildFile; fileRef = 61AAE2672B97C85E00F21F88 /* animals.json */; };
		61AAE26C2B97C85E00F21F88 /* covers.json in Resources */ = {isa = PBXBuildFile; fileRef = 61AAE2682B97C85E00F21F88 /* covers.json */; };
		61AAE2702B97CB1C00F21F88 /* VideoListView.swift in Sources */ = {isa = PBXBuildFile; fileRef = 61AAE26F2B97CB1B00F21F88 /* VideoListView.swift */; };
		61AAE2722B97CB5100F21F88 /* MapView.swift in Sources */ = {isa = PBXBuildFile; fileRef = 61AAE2712B97CB5100F21F88 /* MapView.swift */; };
		61AAE2742B97CB7200F21F88 /* GalleryView.swift in Sources */ = {isa = PBXBuildFile; fileRef = 61AAE2732B97CB7200F21F88 /* GalleryView.swift */; };
		61AAE2762B97CB8B00F21F88 /* MainView.swift in Sources */ = {isa = PBXBuildFile; fileRef = 61AAE2752B97CB8B00F21F88 /* MainView.swift */; };
/* End PBXBuildFile section */

/* Begin PBXFileReference section */
		618853E22B9B1D15004BB2D4 /* CoverImageView.swift */ = {isa = PBXFileReference; lastKnownFileType = sourcecode.swift; path = CoverImageView.swift; sourceTree = "<group>"; };
		618853E52B9B1E65004BB2D4 /* CoverImageModel.swift */ = {isa = PBXFileReference; lastKnownFileType = sourcecode.swift; path = CoverImageModel.swift; sourceTree = "<group>"; };
		618853E82B9B1F5F004BB2D4 /* CodableBundleExtension.swift */ = {isa = PBXFileReference; lastKnownFileType = sourcecode.swift; path = CodableBundleExtension.swift; sourceTree = "<group>"; };
		61AAE23E2B97C59400F21F88 /* Africa.app */ = {isa = PBXFileReference; explicitFileType = wrapper.application; includeInIndex = 0; path = Africa.app; sourceTree = BUILT_PRODUCTS_DIR; };
		61AAE2412B97C59400F21F88 /* AfricaApp.swift */ = {isa = PBXFileReference; lastKnownFileType = sourcecode.swift; path = AfricaApp.swift; sourceTree = "<group>"; };
		61AAE2432B97C59400F21F88 /* ContentView.swift */ = {isa = PBXFileReference; lastKnownFileType = sourcecode.swift; path = ContentView.swift; sourceTree = "<group>"; };
		61AAE2452B97C59500F21F88 /* Assets.xcassets */ = {isa = PBXFileReference; lastKnownFileType = folder.assetcatalog; path = Assets.xcassets; sourceTree = "<group>"; };
		61AAE2482B97C59500F21F88 /* Preview Assets.xcassets */ = {isa = PBXFileReference; lastKnownFileType = folder.assetcatalog; path = "Preview Assets.xcassets"; sourceTree = "<group>"; };
		61AAE2502B97C80300F21F88 /* lion.mp4 */ = {isa = PBXFileReference; lastKnownFileType = file; path = lion.mp4; sourceTree = "<group>"; };
		61AAE2512B97C80300F21F88 /* zebra.mp4 */ = {isa = PBXFileReference; lastKnownFileType = file; path = zebra.mp4; sourceTree = "<group>"; };
		61AAE2522B97C80300F21F88 /* giraffe.mp4 */ = {isa = PBXFileReference; lastKnownFileType = file; path = giraffe.mp4; sourceTree = "<group>"; };
		61AAE2532B97C80300F21F88 /* gorilla.mp4 */ = {isa = PBXFileReference; lastKnownFileType = file; path = gorilla.mp4; sourceTree = "<group>"; };
		61AAE2542B97C80300F21F88 /* hippo.mp4 */ = {isa = PBXFileReference; lastKnownFileType = file; path = hippo.mp4; sourceTree = "<group>"; };
		61AAE2552B97C80300F21F88 /* lioness.mp4 */ = {isa = PBXFileReference; lastKnownFileType = file; path = lioness.mp4; sourceTree = "<group>"; };
		61AAE2562B97C80300F21F88 /* elephant.mp4 */ = {isa = PBXFileReference; lastKnownFileType = file; path = elephant.mp4; sourceTree = "<group>"; };
		61AAE2572B97C80300F21F88 /* cheetah.mp4 */ = {isa = PBXFileReference; lastKnownFileType = file; path = cheetah.mp4; sourceTree = "<group>"; };
		61AAE2582B97C80300F21F88 /* ostrich.mp4 */ = {isa = PBXFileReference; lastKnownFileType = file; path = ostrich.mp4; sourceTree = "<group>"; };
		61AAE2592B97C80300F21F88 /* rhino.mp4 */ = {isa = PBXFileReference; lastKnownFileType = file; path = rhino.mp4; sourceTree = "<group>"; };
		61AAE2652B97C85E00F21F88 /* locations.json */ = {isa = PBXFileReference; fileEncoding = 4; lastKnownFileType = text.json; path = locations.json; sourceTree = "<group>"; };
		61AAE2662B97C85E00F21F88 /* videos.json */ = {isa = PBXFileReference; fileEncoding = 4; lastKnownFileType = text.json; path = videos.json; sourceTree = "<group>"; };
		61AAE2672B97C85E00F21F88 /* animals.json */ = {isa = PBXFileReference; fileEncoding = 4; lastKnownFileType = text.json; path = animals.json; sourceTree = "<group>"; };
		61AAE2682B97C85E00F21F88 /* covers.json */ = {isa = PBXFileReference; fileEncoding = 4; lastKnownFileType = text.json; path = covers.json; sourceTree = "<group>"; };
		61AAE26D2B97C9D000F21F88 /* Info.plist */ = {isa = PBXFileReference; lastKnownFileType = text.plist; path = Info.plist; sourceTree = "<group>"; };
		61AAE26F2B97CB1B00F21F88 /* VideoListView.swift */ = {isa = PBXFileReference; lastKnownFileType = sourcecode.swift; path = VideoListView.swift; sourceTree = "<group>"; };
		61AAE2712B97CB5100F21F88 /* MapView.swift */ = {isa = PBXFileReference; lastKnownFileType = sourcecode.swift; path = MapView.swift; sourceTree = "<group>"; };
		61AAE2732B97CB7200F21F88 /* GalleryView.swift */ = {isa = PBXFileReference; lastKnownFileType = sourcecode.swift; path = GalleryView.swift; sourceTree = "<group>"; };
		61AAE2752B97CB8B00F21F88 /* MainView.swift */ = {isa = PBXFileReference; lastKnownFileType = sourcecode.swift; path = MainView.swift; sourceTree = "<group>"; };
/* End PBXFileReference section */

/* Begin PBXFrameworksBuildPhase section */
		61AAE23B2B97C59400F21F88 /* Frameworks */ = {
			isa = PBXFrameworksBuildPhase;
			buildActionMask = 2147483647;
			files = (
			);
			runOnlyForDeploymentPostprocessing = 0;
		};
/* End PBXFrameworksBuildPhase section */

/* Begin PBXGroup section */
		618853DF2B9B1C7F004BB2D4 /* View */ = {
			isa = PBXGroup;
			children = (
				618853E22B9B1D15004BB2D4 /* CoverImageView.swift */,
			);
			path = View;
			sourceTree = "<group>";
		};
		618853E42B9B1E51004BB2D4 /* Model */ = {
			isa = PBXGroup;
			children = (
				618853E52B9B1E65004BB2D4 /* CoverImageModel.swift */,
			);
			path = Model;
			sourceTree = "<group>";
		};
		618853E72B9B1F44004BB2D4 /* Extension */ = {
			isa = PBXGroup;
			children = (
				618853E82B9B1F5F004BB2D4 /* CodableBundleExtension.swift */,
			);
			path = Extension;
			sourceTree = "<group>";
		};
		61AAE2352B97C59400F21F88 = {
			isa = PBXGroup;
			children = (
				61AAE2402B97C59400F21F88 /* Africa */,
				61AAE23F2B97C59400F21F88 /* Products */,
			);
			sourceTree = "<group>";
		};
		61AAE23F2B97C59400F21F88 /* Products */ = {
			isa = PBXGroup;
			children = (
				61AAE23E2B97C59400F21F88 /* Africa.app */,
			);
			name = Products;
			sourceTree = "<group>";
		};
		61AAE2402B97C59400F21F88 /* Africa */ = {
			isa = PBXGroup;
			children = (
				61AAE26E2B97CAA900F21F88 /* App */,
				618853E72B9B1F44004BB2D4 /* Extension */,
				618853E42B9B1E51004BB2D4 /* Model */,
				618853DF2B9B1C7F004BB2D4 /* View */,
				61AAE26D2B97C9D000F21F88 /* Info.plist */,
				61AAE2642B97C82100F21F88 /* Data */,
				61AAE24F2B97C7AF00F21F88 /* Video */,
				61AAE2452B97C59500F21F88 /* Assets.xcassets */,
				61AAE2472B97C59500F21F88 /* Preview Content */,
			);
			path = Africa;
			sourceTree = "<group>";
		};
		61AAE2472B97C59500F21F88 /* Preview Content */ = {
			isa = PBXGroup;
			children = (
				61AAE2482B97C59500F21F88 /* Preview Assets.xcassets */,
			);
			path = "Preview Content";
			sourceTree = "<group>";
		};
		61AAE24F2B97C7AF00F21F88 /* Video */ = {
			isa = PBXGroup;
			children = (
				61AAE2572B97C80300F21F88 /* cheetah.mp4 */,
				61AAE2562B97C80300F21F88 /* elephant.mp4 */,
				61AAE2522B97C80300F21F88 /* giraffe.mp4 */,
				61AAE2532B97C80300F21F88 /* gorilla.mp4 */,
				61AAE2542B97C80300F21F88 /* hippo.mp4 */,
				61AAE2502B97C80300F21F88 /* lion.mp4 */,
				61AAE2552B97C80300F21F88 /* lioness.mp4 */,
				61AAE2582B97C80300F21F88 /* ostrich.mp4 */,
				61AAE2592B97C80300F21F88 /* rhino.mp4 */,
				61AAE2512B97C80300F21F88 /* zebra.mp4 */,
			);
			path = Video;
			sourceTree = "<group>";
		};
		61AAE2642B97C82100F21F88 /* Data */ = {
			isa = PBXGroup;
			children = (
				61AAE2672B97C85E00F21F88 /* animals.json */,
				61AAE2682B97C85E00F21F88 /* covers.json */,
				61AAE2652B97C85E00F21F88 /* locations.json */,
				61AAE2662B97C85E00F21F88 /* videos.json */,
			);
			path = Data;
			sourceTree = "<group>";
		};
		61AAE26E2B97CAA900F21F88 /* App */ = {
			isa = PBXGroup;
			children = (
				61AAE2412B97C59400F21F88 /* AfricaApp.swift */,
				61AAE2432B97C59400F21F88 /* ContentView.swift */,
				61AAE2712B97CB5100F21F88 /* MapView.swift */,
				61AAE2732B97CB7200F21F88 /* GalleryView.swift */,
				61AAE2752B97CB8B00F21F88 /* MainView.swift */,
				61AAE26F2B97CB1B00F21F88 /* VideoListView.swift */,
			);
			path = App;
			sourceTree = "<group>";
		};
/* End PBXGroup section */

/* Begin PBXNativeTarget section */
		61AAE23D2B97C59400F21F88 /* Africa */ = {
			isa = PBXNativeTarget;
			buildConfigurationList = 61AAE24C2B97C59500F21F88 /* Build configuration list for PBXNativeTarget "Africa" */;
			buildPhases = (
				61AAE23A2B97C59400F21F88 /* Sources */,
				61AAE23B2B97C59400F21F88 /* Frameworks */,
				61AAE23C2B97C59400F21F88 /* Resources */,
			);
			buildRules = (
			);
			dependencies = (
			);
			name = Africa;
			productName = Africa;
			productReference = 61AAE23E2B97C59400F21F88 /* Africa.app */;
			productType = "com.apple.product-type.application";
		};
/* End PBXNativeTarget section */

/* Begin PBXProject section */
		61AAE2362B97C59400F21F88 /* Project object */ = {
			isa = PBXProject;
			attributes = {
				BuildIndependentTargetsInParallel = 1;
				LastSwiftUpdateCheck = 1520;
				LastUpgradeCheck = 1520;
				TargetAttributes = {
					61AAE23D2B97C59400F21F88 = {
						CreatedOnToolsVersion = 15.2;
					};
				};
			};
			buildConfigurationList = 61AAE2392B97C59400F21F88 /* Build configuration list for PBXProject "Africa" */;
			compatibilityVersion = "Xcode 14.0";
			developmentRegion = en;
			hasScannedForEncodings = 0;
			knownRegions = (
				en,
				Base,
			);
			mainGroup = 61AAE2352B97C59400F21F88;
			productRefGroup = 61AAE23F2B97C59400F21F88 /* Products */;
			projectDirPath = "";
			projectRoot = "";
			targets = (
				61AAE23D2B97C59400F21F88 /* Africa */,
			);
		};
/* End PBXProject section */

/* Begin PBXResourcesBuildPhase section */
		61AAE23C2B97C59400F21F88 /* Resources */ = {
			isa = PBXResourcesBuildPhase;
			buildActionMask = 2147483647;
			files = (
				61AAE26B2B97C85E00F21F88 /* animals.json in Resources */,
				61AAE2692B97C85E00F21F88 /* locations.json in Resources */,
				61AAE2632B97C80300F21F88 /* rhino.mp4 in Resources */,
				61AAE25B2B97C80300F21F88 /* zebra.mp4 in Resources */,
				61AAE26A2B97C85E00F21F88 /* videos.json in Resources */,
				61AAE26C2B97C85E00F21F88 /* covers.json in Resources */,
				61AAE2492B97C59500F21F88 /* Preview Assets.xcassets in Resources */,
				61AAE25E2B97C80300F21F88 /* hippo.mp4 in Resources */,
				61AAE25A2B97C80300F21F88 /* lion.mp4 in Resources */,
				61AAE2462B97C59500F21F88 /* Assets.xcassets in Resources */,
				61AAE25D2B97C80300F21F88 /* gorilla.mp4 in Resources */,
				61AAE2612B97C80300F21F88 /* cheetah.mp4 in Resources */,
				61AAE25C2B97C80300F21F88 /* giraffe.mp4 in Resources */,
				61AAE25F2B97C80300F21F88 /* lioness.mp4 in Resources */,
				61AAE2602B97C80300F21F88 /* elephant.mp4 in Resources */,
				61AAE2622B97C80300F21F88 /* ostrich.mp4 in Resources */,
			);
			runOnlyForDeploymentPostprocessing = 0;
		};
/* End PBXResourcesBuildPhase section */

/* Begin PBXSourcesBuildPhase section */
		61AAE23A2B97C59400F21F88 /* Sources */ = {
			isa = PBXSourcesBuildPhase;
			buildActionMask = 2147483647;
			files = (
				61AAE2442B97C59400F21F88 /* ContentView.swift in Sources */,
				61AAE2762B97CB8B00F21F88 /* MainView.swift in Sources */,
				618853E32B9B1D15004BB2D4 /* CoverImageView.swift in Sources */,
				618853E62B9B1E65004BB2D4 /* CoverImageModel.swift in Sources */,
				61AAE2722B97CB5100F21F88 /* MapView.swift in Sources */,
				61AAE2422B97C59400F21F88 /* AfricaApp.swift in Sources */,
				61AAE2702B97CB1C00F21F88 /* VideoListView.swift in Sources */,
				61AAE2742B97CB7200F21F88 /* GalleryView.swift in Sources */,
				618853E92B9B1F5F004BB2D4 /* CodableBundleExtension.swift in Sources */,
			);
			runOnlyForDeploymentPostprocessing = 0;
		};
/* End PBXSourcesBuildPhase section */

/* Begin XCBuildConfiguration section */
		61AAE24A2B97C59500F21F88 /* Debug */ = {
			isa = XCBuildConfiguration;
			buildSettings = {
				ALWAYS_SEARCH_USER_PATHS = NO;
				ASSETCATALOG_COMPILER_GENERATE_SWIFT_ASSET_SYMBOL_EXTENSIONS = YES;
				CLANG_ANALYZER_NONNULL = YES;
				CLANG_ANALYZER_NUMBER_OBJECT_CONVERSION = YES_AGGRESSIVE;
				CLANG_CXX_LANGUAGE_STANDARD = "gnu++20";
				CLANG_ENABLE_MODULES = YES;
				CLANG_ENABLE_OBJC_ARC = YES;
				CLANG_ENABLE_OBJC_WEAK = YES;
				CLANG_WARN_BLOCK_CAPTURE_AUTORELEASING = YES;
				CLANG_WARN_BOOL_CONVERSION = YES;
				CLANG_WARN_COMMA = YES;
				CLANG_WARN_CONSTANT_CONVERSION = YES;
				CLANG_WARN_DEPRECATED_OBJC_IMPLEMENTATIONS = YES;
				CLANG_WARN_DIRECT_OBJC_ISA_USAGE = YES_ERROR;
				CLANG_WARN_DOCUMENTATION_COMMENTS = YES;
				CLANG_WARN_EMPTY_BODY = YES;
				CLANG_WARN_ENUM_CONVERSION = YES;
				CLANG_WARN_INFINITE_RECURSION = YES;
				CLANG_WARN_INT_CONVERSION = YES;
				CLANG_WARN_NON_LITERAL_NULL_CONVERSION = YES;
				CLANG_WARN_OBJC_IMPLICIT_RETAIN_SELF = YES;
				CLANG_WARN_OBJC_LITERAL_CONVERSION = YES;
				CLANG_WARN_OBJC_ROOT_CLASS = YES_ERROR;
				CLANG_WARN_QUOTED_INCLUDE_IN_FRAMEWORK_HEADER = YES;
				CLANG_WARN_RANGE_LOOP_ANALYSIS = YES;
				CLANG_WARN_STRICT_PROTOTYPES = YES;
				CLANG_WARN_SUSPICIOUS_MOVE = YES;
				CLANG_WARN_UNGUARDED_AVAILABILITY = YES_AGGRESSIVE;
				CLANG_WARN_UNREACHABLE_CODE = YES;
				CLANG_WARN__DUPLICATE_METHOD_MATCH = YES;
				COPY_PHASE_STRIP = NO;
				DEBUG_INFORMATION_FORMAT = dwarf;
				ENABLE_STRICT_OBJC_MSGSEND = YES;
				ENABLE_TESTABILITY = YES;
				ENABLE_USER_SCRIPT_SANDBOXING = YES;
				GCC_C_LANGUAGE_STANDARD = gnu17;
				GCC_DYNAMIC_NO_PIC = NO;
				GCC_NO_COMMON_BLOCKS = YES;
				GCC_OPTIMIZATION_LEVEL = 0;
				GCC_PREPROCESSOR_DEFINITIONS = (
					"DEBUG=1",
					"$(inherited)",
				);
				GCC_WARN_64_TO_32_BIT_CONVERSION = YES;
				GCC_WARN_ABOUT_RETURN_TYPE = YES_ERROR;
				GCC_WARN_UNDECLARED_SELECTOR = YES;
				GCC_WARN_UNINITIALIZED_AUTOS = YES_AGGRESSIVE;
				GCC_WARN_UNUSED_FUNCTION = YES;
				GCC_WARN_UNUSED_VARIABLE = YES;
				IPHONEOS_DEPLOYMENT_TARGET = 17.2;
				LOCALIZATION_PREFERS_STRING_CATALOGS = YES;
				MTL_ENABLE_DEBUG_INFO = INCLUDE_SOURCE;
				MTL_FAST_MATH = YES;
				ONLY_ACTIVE_ARCH = YES;
				SDKROOT = iphoneos;
				SWIFT_ACTIVE_COMPILATION_CONDITIONS = "DEBUG $(inherited)";
				SWIFT_OPTIMIZATION_LEVEL = "-Onone";
			};
			name = Debug;
		};
		61AAE24B2B97C59500F21F88 /* Release */ = {
			isa = XCBuildConfiguration;
			buildSettings = {
				ALWAYS_SEARCH_USER_PATHS = NO;
				ASSETCATALOG_COMPILER_GENERATE_SWIFT_ASSET_SYMBOL_EXTENSIONS = YES;
				CLANG_ANALYZER_NONNULL = YES;
				CLANG_ANALYZER_NUMBER_OBJECT_CONVERSION = YES_AGGRESSIVE;
				CLANG_CXX_LANGUAGE_STANDARD = "gnu++20";
				CLANG_ENABLE_MODULES = YES;
				CLANG_ENABLE_OBJC_ARC = YES;
				CLANG_ENABLE_OBJC_WEAK = YES;
				CLANG_WARN_BLOCK_CAPTURE_AUTORELEASING = YES;
				CLANG_WARN_BOOL_CONVERSION = YES;
				CLANG_WARN_COMMA = YES;
				CLANG_WARN_CONSTANT_CONVERSION = YES;
				CLANG_WARN_DEPRECATED_OBJC_IMPLEMENTATIONS = YES;
				CLANG_WARN_DIRECT_OBJC_ISA_USAGE = YES_ERROR;
				CLANG_WARN_DOCUMENTATION_COMMENTS = YES;
				CLANG_WARN_EMPTY_BODY = YES;
				CLANG_WARN_ENUM_CONVERSION = YES;
				CLANG_WARN_INFINITE_RECURSION = YES;
				CLANG_WARN_INT_CONVERSION = YES;
				CLANG_WARN_NON_LITERAL_NULL_CONVERSION = YES;
				CLANG_WARN_OBJC_IMPLICIT_RETAIN_SELF = YES;
				CLANG_WARN_OBJC_LITERAL_CONVERSION = YES;
				CLANG_WARN_OBJC_ROOT_CLASS = YES_ERROR;
				CLANG_WARN_QUOTED_INCLUDE_IN_FRAMEWORK_HEADER = YES;
				CLANG_WARN_RANGE_LOOP_ANALYSIS = YES;
				CLANG_WARN_STRICT_PROTOTYPES = YES;
				CLANG_WARN_SUSPICIOUS_MOVE = YES;
				CLANG_WARN_UNGUARDED_AVAILABILITY = YES_AGGRESSIVE;
				CLANG_WARN_UNREACHABLE_CODE = YES;
				CLANG_WARN__DUPLICATE_METHOD_MATCH = YES;
				COPY_PHASE_STRIP = NO;
				DEBUG_INFORMATION_FORMAT = "dwarf-with-dsym";
				ENABLE_NS_ASSERTIONS = NO;
				ENABLE_STRICT_OBJC_MSGSEND = YES;
				ENABLE_USER_SCRIPT_SANDBOXING = YES;
				GCC_C_LANGUAGE_STANDARD = gnu17;
				GCC_NO_COMMON_BLOCKS = YES;
				GCC_WARN_64_TO_32_BIT_CONVERSION = YES;
				GCC_WARN_ABOUT_RETURN_TYPE = YES_ERROR;
				GCC_WARN_UNDECLARED_SELECTOR = YES;
				GCC_WARN_UNINITIALIZED_AUTOS = YES_AGGRESSIVE;
				GCC_WARN_UNUSED_FUNCTION = YES;
				GCC_WARN_UNUSED_VARIABLE = YES;
				IPHONEOS_DEPLOYMENT_TARGET = 17.2;
				LOCALIZATION_PREFERS_STRING_CATALOGS = YES;
				MTL_ENABLE_DEBUG_INFO = NO;
				MTL_FAST_MATH = YES;
				SDKROOT = iphoneos;
				SWIFT_COMPILATION_MODE = wholemodule;
				VALIDATE_PRODUCT = YES;
			};
			name = Release;
		};
		61AAE24D2B97C59500F21F88 /* Debug */ = {
			isa = XCBuildConfiguration;
			buildSettings = {
				ASSETCATALOG_COMPILER_APPICON_NAME = AppIcon;
				ASSETCATALOG_COMPILER_GLOBAL_ACCENT_COLOR_NAME = AccentColor;
				CODE_SIGN_STYLE = Automatic;
				CURRENT_PROJECT_VERSION = 1;
				DEVELOPMENT_ASSET_PATHS = "\"Africa/Preview Content\"";
				DEVELOPMENT_TEAM = AAAFNRNQ43;
				ENABLE_PREVIEWS = YES;
				GENERATE_INFOPLIST_FILE = YES;
				INFOPLIST_FILE = Africa/Info.plist;
				INFOPLIST_KEY_UIApplicationSceneManifest_Generation = YES;
				INFOPLIST_KEY_UIApplicationSupportsIndirectInputEvents = YES;
				INFOPLIST_KEY_UISupportedInterfaceOrientations_iPad = "UIInterfaceOrientationPortrait UIInterfaceOrientationPortraitUpsideDown UIInterfaceOrientationLandscapeLeft UIInterfaceOrientationLandscapeRight";
				INFOPLIST_KEY_UISupportedInterfaceOrientations_iPhone = "UIInterfaceOrientationPortrait UIInterfaceOrientationLandscapeLeft UIInterfaceOrientationLandscapeRight";
				INFOPLIST_KEY_UIUserInterfaceStyle = Dark;
				LD_RUNPATH_SEARCH_PATHS = (
					"$(inherited)",
					"@executable_path/Frameworks",
				);
				MARKETING_VERSION = 1.0;
				PRODUCT_BUNDLE_IDENTIFIER = mertpalas.Africa;
				PRODUCT_NAME = "$(TARGET_NAME)";
				SWIFT_EMIT_LOC_STRINGS = YES;
				SWIFT_VERSION = 5.0;
				TARGETED_DEVICE_FAMILY = "1,2";
			};
			name = Debug;
		};
		61AAE24E2B97C59500F21F88 /* Release */ = {
			isa = XCBuildConfiguration;
			buildSettings = {
				ASSETCATALOG_COMPILER_APPICON_NAME = AppIcon;
				ASSETCATALOG_COMPILER_GLOBAL_ACCENT_COLOR_NAME = AccentColor;
				CODE_SIGN_STYLE = Automatic;
				CURRENT_PROJECT_VERSION = 1;
				DEVELOPMENT_ASSET_PATHS = "\"Africa/Preview Content\"";
				DEVELOPMENT_TEAM = AAAFNRNQ43;
				ENABLE_PREVIEWS = YES;
				GENERATE_INFOPLIST_FILE = YES;
				INFOPLIST_FILE = Africa/Info.plist;
				INFOPLIST_KEY_UIApplicationSceneManifest_Generation = YES;
				INFOPLIST_KEY_UIApplicationSupportsIndirectInputEvents = YES;
				INFOPLIST_KEY_UISupportedInterfaceOrientations_iPad = "UIInterfaceOrientationPortrait UIInterfaceOrientationPortraitUpsideDown UIInterfaceOrientationLandscapeLeft UIInterfaceOrientationLandscapeRight";
				INFOPLIST_KEY_UISupportedInterfaceOrientations_iPhone = "UIInterfaceOrientationPortrait UIInterfaceOrientationLandscapeLeft UIInterfaceOrientationLandscapeRight";
				INFOPLIST_KEY_UIUserInterfaceStyle = Dark;
				LD_RUNPATH_SEARCH_PATHS = (
					"$(inherited)",
					"@executable_path/Frameworks",
				);
				MARKETING_VERSION = 1.0;
				PRODUCT_BUNDLE_IDENTIFIER = mertpalas.Africa;
				PRODUCT_NAME = "$(TARGET_NAME)";
				SWIFT_EMIT_LOC_STRINGS = YES;
				SWIFT_VERSION = 5.0;
				TARGETED_DEVICE_FAMILY = "1,2";
			};
			name = Release;
		};
/* End XCBuildConfiguration section */

/* Begin XCConfigurationList section */
		61AAE2392B97C59400F21F88 /* Build configuration list for PBXProject "Africa" */ = {
			isa = XCConfigurationList;
			buildConfigurations = (
				61AAE24A2B97C59500F21F88 /* Debug */,
				61AAE24B2B97C59500F21F88 /* Release */,
			);
			defaultConfigurationIsVisible = 0;
			defaultConfigurationName = Release;
		};
		61AAE24C2B97C59500F21F88 /* Build configuration list for PBXNativeTarget "Africa" */ = {
			isa = XCConfigurationList;
			buildConfigurations = (
				61AAE24D2B97C59500F21F88 /* Debug */,
				61AAE24E2B97C59500F21F88 /* Release */,
			);
			defaultConfigurationIsVisible = 0;
			defaultConfigurationName = Release;
		};
/* End XCConfigurationList section */
	};
	rootObject = 61AAE2362B97C59400F21F88 /* Project object */;
}
